{
  "nodes": {
    "nix-gl-host": {
      "inputs": {
        "nixpkgs": [
          "nixpkgs"
        ]
      },
      "locked": {
        "lastModified": 1707561455,
        "narHash": "sha256-e3EAKVsrmuC4NwEEpAU6nS4LgNoGH/7fgax1eUtxz18=",
        "owner": "numtide",
        "repo": "nix-gl-host",
        "rev": "f0fbe496473e6e1a91492b09d9ae840ad9c81fbe",
        "type": "github"
      },
      "original": {
        "owner": "numtide",
        "repo": "nix-gl-host",
        "type": "github"
      }
    },
    "nixpkgs": {
      "locked": {
        "lastModified": 1712588820,
        "narHash": "sha256-y31s5idk3jMJMAVE4Ud9AdI7HT3CgTAeMTJ0StqKN7Y=",
        "rev": "d272ca50d1f7424fbfcd1e6f1c9e01d92f6da167",
        "revCount": 557349,
        "type": "tarball",
        "url": "https://api.flakehub.com/f/pinned/NixOS/nixpkgs/0.2311.557349%2Brev-d272ca50d1f7424fbfcd1e6f1c9e01d92f6da167/018ec295-293b-7918-8482-0853e8e0751a/source.tar.gz"
      },
      "original": {
        "type": "tarball",
        "url": "https://flakehub.com/f/NixOS/nixpkgs/%2A.tar.gz"
      }
    },
    "root": {
      "inputs": {
        "nix-gl-host": "nix-gl-host",
        "nixpkgs": "nixpkgs"
      }
    }
  },
  "root": "root",
  "version": 7
}
